
Microsoft Visual Studio Solution File, Format Version 12.00
# Visual Studio Version 17
VisualStudioVersion = 17.4.33213.308
MinimumVisualStudioVersion = 10.0.40219.1
Project("{FAE04EC0-301F-11D3-BF4B-00C04F79EFBC}") = "Spbs.Ui", "Spbs.Ui\Spbs.Ui.csproj", "{C4D956E4-341E-4CF6-8777-AC37ADD2E571}"
EndProject
Project("{FAE04EC0-301F-11D3-BF4B-00C04F79EFBC}") = "Shared", "Shared\Shared.csproj", "{28F0D5E4-47CA-4EAF-B46E-D7BE9A767DB2}"
EndProject
Project("{FAE04EC0-301F-11D3-BF4B-00C04F79EFBC}") = "Integrations.Nordigen", "Integrations\Integrations.Nordigen\Integrations.Nordigen.csproj", "{8A5879A9-30BB-450A-9626-4FA0C23E3E1B}"
EndProject
Project("{2150E333-8FDC-42A3-9474-1A3956D46DE8}") = "Infrastructure", "Infrastructure", "{691203E7-38A9-4088-B471-5AE25B133B79}"
	ProjectSection(SolutionItems) = preProject
		azure-pipelines.yml = azure-pipelines.yml
	EndProjectSection
EndProject
Project("{FAE04EC0-301F-11D3-BF4B-00C04F79EFBC}") = "Spbs.Generators", "Spbs.Generators\Spbs.Generators.csproj", "{A9843AFF-9E34-4EE0-BE1E-42D32EFE8546}"
EndProject
Project("{2150E333-8FDC-42A3-9474-1A3956D46DE8}") = "Tests", "Tests", "{6637E5A0-AEB8-4D09-B3B7-DA9478F06605}"
EndProject
Project("{FAE04EC0-301F-11D3-BF4B-00C04F79EFBC}") = "Spbs.Ui.ImportExpenses.Tests", "Tests\Spbs.Ui.ImportExpenses.Tests\Spbs.Ui.ImportExpenses.Tests.csproj", "{7BD42068-7C6E-4E3F-80B4-43B813647AF2}"
EndProject
Project("{FAE04EC0-301F-11D3-BF4B-00C04F79EFBC}") = "Spbs.Ui.User.Test", "Tests\Spbs.Ui.User.Test\Spbs.Ui.User.Test.csproj", "{04F8BDDF-6227-42A6-A9F5-EFF272A8EAD7}"
EndProject
Global
	GlobalSection(SolutionConfigurationPlatforms) = preSolution
		Debug|Any CPU = Debug|Any CPU
		Release|Any CPU = Release|Any CPU
	EndGlobalSection
	GlobalSection(ProjectConfigurationPlatforms) = postSolution
		{C4D956E4-341E-4CF6-8777-AC37ADD2E571}.Debug|Any CPU.ActiveCfg = Debug|Any CPU
		{C4D956E4-341E-4CF6-8777-AC37ADD2E571}.Debug|Any CPU.Build.0 = Debug|Any CPU
		{C4D956E4-341E-4CF6-8777-AC37ADD2E571}.Release|Any CPU.ActiveCfg = Release|Any CPU
		{C4D956E4-341E-4CF6-8777-AC37ADD2E571}.Release|Any CPU.Build.0 = Release|Any CPU
		{28F0D5E4-47CA-4EAF-B46E-D7BE9A767DB2}.Debug|Any CPU.ActiveCfg = Debug|Any CPU
		{28F0D5E4-47CA-4EAF-B46E-D7BE9A767DB2}.Debug|Any CPU.Build.0 = Debug|Any CPU
		{28F0D5E4-47CA-4EAF-B46E-D7BE9A767DB2}.Release|Any CPU.ActiveCfg = Release|Any CPU
		{28F0D5E4-47CA-4EAF-B46E-D7BE9A767DB2}.Release|Any CPU.Build.0 = Release|Any CPU
		{8A5879A9-30BB-450A-9626-4FA0C23E3E1B}.Debug|Any CPU.ActiveCfg = Debug|Any CPU
		{8A5879A9-30BB-450A-9626-4FA0C23E3E1B}.Debug|Any CPU.Build.0 = Debug|Any CPU
		{8A5879A9-30BB-450A-9626-4FA0C23E3E1B}.Release|Any CPU.ActiveCfg = Release|Any CPU
		{8A5879A9-30BB-450A-9626-4FA0C23E3E1B}.Release|Any CPU.Build.0 = Release|Any CPU
		{A9843AFF-9E34-4EE0-BE1E-42D32EFE8546}.Debug|Any CPU.ActiveCfg = Debug|Any CPU
		{A9843AFF-9E34-4EE0-BE1E-42D32EFE8546}.Debug|Any CPU.Build.0 = Debug|Any CPU
		{A9843AFF-9E34-4EE0-BE1E-42D32EFE8546}.Release|Any CPU.ActiveCfg = Release|Any CPU
		{A9843AFF-9E34-4EE0-BE1E-42D32EFE8546}.Release|Any CPU.Build.0 = Release|Any CPU
		{7BD42068-7C6E-4E3F-80B4-43B813647AF2}.Debug|Any CPU.ActiveCfg = Debug|Any CPU
		{7BD42068-7C6E-4E3F-80B4-43B813647AF2}.Debug|Any CPU.Build.0 = Debug|Any CPU
		{7BD42068-7C6E-4E3F-80B4-43B813647AF2}.Release|Any CPU.ActiveCfg = Release|Any CPU
		{7BD42068-7C6E-4E3F-80B4-43B813647AF2}.Release|Any CPU.Build.0 = Release|Any CPU
		{04F8BDDF-6227-42A6-A9F5-EFF272A8EAD7}.Debug|Any CPU.ActiveCfg = Debug|Any CPU
		{04F8BDDF-6227-42A6-A9F5-EFF272A8EAD7}.Debug|Any CPU.Build.0 = Debug|Any CPU
		{04F8BDDF-6227-42A6-A9F5-EFF272A8EAD7}.Release|Any CPU.ActiveCfg = Release|Any CPU
		{04F8BDDF-6227-42A6-A9F5-EFF272A8EAD7}.Release|Any CPU.Build.0 = Release|Any CPU
	EndGlobalSection
	GlobalSection(SolutionProperties) = preSolution
		HideSolutionNode = FALSE
	EndGlobalSection
	GlobalSection(ExtensibilityGlobals) = postSolution
		SolutionGuid = {8909F0F1-F340-4CFC-95D4-5131951FFD31}
	EndGlobalSection
	GlobalSection(NestedProjects) = preSolution
		{7BD42068-7C6E-4E3F-80B4-43B813647AF2} = {6637E5A0-AEB8-4D09-B3B7-DA9478F06605}
		{04F8BDDF-6227-42A6-A9F5-EFF272A8EAD7} = {6637E5A0-AEB8-4D09-B3B7-DA9478F06605}
	EndGlobalSection
EndGlobal
